
Microsoft Visual Studio Solution File, Format Version 12.00
# Visual Studio 2012
Project("{8BC9CEB8-8B4A-11D0-8D11-00A0C91BC942}") = "BaiduMap", "BAIDUMap\BaiduMap.vcxproj", "{5BC5E987-4FDE-42D0-AB94-CD9F46165EFB}"
EndProject
Global
	GlobalSection(SolutionConfigurationPlatforms) = preSolution
		Debug|Win32 = Debug|Win32
		Release|Win32 = Release|Win32
	EndGlobalSection
	GlobalSection(ProjectConfigurationPlatforms) = postSolution
		{5BC5E987-4FDE-42D0-AB94-CD9F46165EFB}.Debug|Win32.ActiveCfg = Debug|Win32
		{5BC5E987-4FDE-42D0-AB94-CD9F46165EFB}.Debug|Win32.Build.0 = Debug|Win32
		{5BC5E987-4FDE-42D0-AB94-CD9F46165EFB}.Release|Win32.ActiveCfg = Release|Win32
		{5BC5E987-4FDE-42D0-AB94-CD9F46165EFB}.Release|Win32.Build.0 = Release|Win32
	EndGlobalSection
	GlobalSection(SolutionProperties) = preSolution
		HideSolutionNode = FALSE
	EndGlobalSection
EndGlobal
